github.com/unknown321/cityhash v0.0.0-20250414150752-0134dcb10139 h1:d5ceFvXPy1riaGiYigf8pNSEuA2teNNtSEQ61r+7FKA=
github.com/unknown321/cityhash v0.0.0-20250414150752-0134dcb10139/go.mod h1:QVJK+yrAaYDX48UdKKhG6TU1M1L1V6KJvciTADO68qg=
github.com/unknown321/hashing v0.0.0-20250606105117-13394d1540eb h1:BQPCXmV47z8ZpPC+C6LZjgxe/tKaT6hBgg4rLUyu5ic=
github.com/unknown321/hashing v0.0.0-20250606105117-13394d1540eb/go.mod h1:eU/88EXZMXhMg3mPY9JUu93xH4DKw5hIlJa7M6Z004E=
